{
  "lockfileVersion": 1,
  "configVersion": 1,
  "workspaces": {
    "": {
      "name": "newpr",
      "dependencies": {
        "@radix-ui/react-dropdown-menu": "^2.1.16",
        "@radix-ui/react-scroll-area": "^1.2.10",
        "@radix-ui/react-slot": "^1.2.4",
        "@radix-ui/react-tabs": "^1.1.13",
        "@tailwindcss/cli": "^4.1.18",
        "class-variance-authority": "^0.7.1",
        "clsx": "^2.1.1",
        "ink": "6.6.0",
        "ink-spinner": "5.0.0",
        "ink-text-input": "6.0.0",
        "lucide-react": "^0.567.0",
        "react": "19.1.0",
        "react-dom": "^19.2.4",
        "tailwind-merge": "^3.4.1",
        "tailwindcss": "^4.1.18",
        "tailwindcss-animate": "^1.0.7",
      },
      "devDependencies": {
        "@biomejs/biome": "latest",
        "@types/bun": "latest",
        "@types/react": "19.1.0",
        "@types/react-dom": "^19.2.3",
      },
      "peerDependencies": {
        "typescript": "^5",
      },
    },
  },
  "packages": {
    "@alcalzone/ansi-tokenize": ["@alcalzone/ansi-tokenize@0.2.5", "", { "dependencies": { "ansi-styles": "^6.2.1", "is-fullwidth-code-point": "^5.0.0" } }, "sha512-3NX/MpTdroi0aKz134A6RC2Gb2iXVECN4QaAXnvCIxxIm3C3AVB1mkUe8NaaiyvOpDfsrqWhYtj+Q6a62RrTsw=="],

    "@biomejs/biome": ["@biomejs/biome@2.4.2", "", { "optionalDependencies": { "@biomejs/cli-darwin-arm64": "2.4.2", "@biomejs/cli-darwin-x64": "2.4.2", "@biomejs/cli-linux-arm64": "2.4.2", "@biomejs/cli-linux-arm64-musl": "2.4.2", "@biomejs/cli-linux-x64": "2.4.2", "@biomejs/cli-linux-x64-musl": "2.4.2", "@biomejs/cli-win32-arm64": "2.4.2", "@biomejs/cli-win32-x64": "2.4.2" }, "bin": { "biome": "bin/biome" } }, "sha512-vVE/FqLxNLbvYnFDYg3Xfrh1UdFhmPT5i+yPT9GE2nTUgI4rkqo5krw5wK19YHBd7aE7J6r91RRmb8RWwkjy6w=="],

    "@biomejs/cli-darwin-arm64": ["@biomejs/cli-darwin-arm64@2.4.2", "", { "os": "darwin", "cpu": "arm64" }, "sha512-3pEcKCP/1POKyaZZhXcxFl3+d9njmeAihZ17k8lL/1vk+6e0Cbf0yPzKItFiT+5Yh6TQA4uKvnlqe0oVZwRxCA=="],

    "@biomejs/cli-darwin-x64": ["@biomejs/cli-darwin-x64@2.4.2", "", { "os": "darwin", "cpu": "x64" }, "sha512-P7hK1jLVny+0R9UwyGcECxO6sjETxfPyBm/1dmFjnDOHgdDPjPqozByunrwh4xPKld8sxOr5eAsSqal5uKgeBg=="],

    "@biomejs/cli-linux-arm64": ["@biomejs/cli-linux-arm64@2.4.2", "", { "os": "linux", "cpu": "arm64" }, "sha512-DI3Mi7GT2zYNgUTDEbSjl3e1KhoP76OjQdm8JpvZYZWtVDRyLd3w8llSr2TWk1z+U3P44kUBWY3X7H9MD1/DGQ=="],

    "@biomejs/cli-linux-arm64-musl": ["@biomejs/cli-linux-arm64-musl@2.4.2", "", { "os": "linux", "cpu": "arm64" }, "sha512-/x04YK9+7erw6tYEcJv9WXoBHcULI/wMOvNdAyE9S3JStZZ9yJyV67sWAI+90UHuDo/BDhq0d96LDqGlSVv7WA=="],

    "@biomejs/cli-linux-x64": ["@biomejs/cli-linux-x64@2.4.2", "", { "os": "linux", "cpu": "x64" }, "sha512-GK2ErnrKpWFigYP68cXiCHK4RTL4IUWhK92AFS3U28X/nuAL5+hTuy6hyobc8JZRSt+upXt1nXChK+tuHHx4mA=="],

    "@biomejs/cli-linux-x64-musl": ["@biomejs/cli-linux-x64-musl@2.4.2", "", { "os": "linux", "cpu": "x64" }, "sha512-wbBmTkeAoAYbOQ33f6sfKG7pcRSydQiF+dTYOBjJsnXO2mWEOQHllKlC2YVnedqZFERp2WZhFUoO7TNRwnwEHQ=="],

    "@biomejs/cli-win32-arm64": ["@biomejs/cli-win32-arm64@2.4.2", "", { "os": "win32", "cpu": "arm64" }, "sha512-k2uqwLYrNNxnaoiW3RJxoMGnbKda8FuCmtYG3cOtVljs3CzWxaTR+AoXwKGHscC9thax9R4kOrtWqWN0+KdPTw=="],

    "@biomejs/cli-win32-x64": ["@biomejs/cli-win32-x64@2.4.2", "", { "os": "win32", "cpu": "x64" }, "sha512-9ma7C4g8Sq3cBlRJD2yrsHXB1mnnEBdpy7PhvFrylQWQb4PoyCmPucdX7frvsSBQuFtIiKCrolPl/8tCZrKvgQ=="],

    "@floating-ui/core": ["@floating-ui/core@1.7.4", "", { "dependencies": { "@floating-ui/utils": "^0.2.10" } }, "sha512-C3HlIdsBxszvm5McXlB8PeOEWfBhcGBTZGkGlWc2U0KFY5IwG5OQEuQ8rq52DZmcHDlPLd+YFBK+cZcytwIFWg=="],

    "@floating-ui/dom": ["@floating-ui/dom@1.7.5", "", { "dependencies": { "@floating-ui/core": "^1.7.4", "@floating-ui/utils": "^0.2.10" } }, "sha512-N0bD2kIPInNHUHehXhMke1rBGs1dwqvC9O9KYMyyjK7iXt7GAhnro7UlcuYcGdS/yYOlq0MAVgrow8IbWJwyqg=="],

    "@floating-ui/react-dom": ["@floating-ui/react-dom@2.1.7", "", { "dependencies": { "@floating-ui/dom": "^1.7.5" }, "peerDependencies": { "react": ">=16.8.0", "react-dom": ">=16.8.0" } }, "sha512-0tLRojf/1Go2JgEVm+3Frg9A3IW8bJgKgdO0BN5RkF//ufuz2joZM63Npau2ff3J6lUVYgDSNzNkR+aH3IVfjg=="],

    "@floating-ui/utils": ["@floating-ui/utils@0.2.10", "", {}, "sha512-aGTxbpbg8/b5JfU1HXSrbH3wXZuLPJcNEcZQFMxLs3oSzgtVu6nFPkbbGGUvBcUjKV2YyB9Wxxabo+HEH9tcRQ=="],

    "@jridgewell/gen-mapping": ["@jridgewell/gen-mapping@0.3.13", "", { "dependencies": { "@jridgewell/sourcemap-codec": "^1.5.0", "@jridgewell/trace-mapping": "^0.3.24" } }, "sha512-2kkt/7niJ6MgEPxF0bYdQ6etZaA+fQvDcLKckhy1yIQOzaoKjBBjSj63/aLVjYE3qhRt5dvM+uUyfCg6UKCBbA=="],

    "@jridgewell/remapping": ["@jridgewell/remapping@2.3.5", "", { "dependencies": { "@jridgewell/gen-mapping": "^0.3.5", "@jridgewell/trace-mapping": "^0.3.24" } }, "sha512-LI9u/+laYG4Ds1TDKSJW2YPrIlcVYOwi2fUC6xB43lueCjgxV4lffOCZCtYFiH6TNOX+tQKXx97T4IKHbhyHEQ=="],

    "@jridgewell/resolve-uri": ["@jridgewell/resolve-uri@3.1.2", "", {}, "sha512-bRISgCIjP20/tbWSPWMEi54QVPRZExkuD9lJL+UIxUKtwVJA8wW1Trb1jMs1RFXo1CBTNZ/5hpC9QvmKWdopKw=="],

    "@jridgewell/sourcemap-codec": ["@jridgewell/sourcemap-codec@1.5.5", "", {}, "sha512-cYQ9310grqxueWbl+WuIUIaiUaDcj7WOq5fVhEljNVgRfOUhY9fy2zTvfoqWsnebh8Sl70VScFbICvJnLKB0Og=="],

    "@jridgewell/trace-mapping": ["@jridgewell/trace-mapping@0.3.31", "", { "dependencies": { "@jridgewell/resolve-uri": "^3.1.0", "@jridgewell/sourcemap-codec": "^1.4.14" } }, "sha512-zzNR+SdQSDJzc8joaeP8QQoCQr8NuYx2dIIytl1QeBEZHJ9uW6hebsrYgbz8hJwUQao3TWCMtmfV8Nu1twOLAw=="],

    "@parcel/watcher": ["@parcel/watcher@2.5.6", "", { "dependencies": { "detect-libc": "^2.0.3", "is-glob": "^4.0.3", "node-addon-api": "^7.0.0", "picomatch": "^4.0.3" }, "optionalDependencies": { "@parcel/watcher-android-arm64": "2.5.6", "@parcel/watcher-darwin-arm64": "2.5.6", "@parcel/watcher-darwin-x64": "2.5.6", "@parcel/watcher-freebsd-x64": "2.5.6", "@parcel/watcher-linux-arm-glibc": "2.5.6", "@parcel/watcher-linux-arm-musl": "2.5.6", "@parcel/watcher-linux-arm64-glibc": "2.5.6", "@parcel/watcher-linux-arm64-musl": "2.5.6", "@parcel/watcher-linux-x64-glibc": "2.5.6", "@parcel/watcher-linux-x64-musl": "2.5.6", "@parcel/watcher-win32-arm64": "2.5.6", "@parcel/watcher-win32-ia32": "2.5.6", "@parcel/watcher-win32-x64": "2.5.6" } }, "sha512-tmmZ3lQxAe/k/+rNnXQRawJ4NjxO2hqiOLTHvWchtGZULp4RyFeh6aU4XdOYBFe2KE1oShQTv4AblOs2iOrNnQ=="],

    "@parcel/watcher-android-arm64": ["@parcel/watcher-android-arm64@2.5.6", "", { "os": "android", "cpu": "arm64" }, "sha512-YQxSS34tPF/6ZG7r/Ih9xy+kP/WwediEUsqmtf0cuCV5TPPKw/PQHRhueUo6JdeFJaqV3pyjm0GdYjZotbRt/A=="],

    "@parcel/watcher-darwin-arm64": ["@parcel/watcher-darwin-arm64@2.5.6", "", { "os": "darwin", "cpu": "arm64" }, "sha512-Z2ZdrnwyXvvvdtRHLmM4knydIdU9adO3D4n/0cVipF3rRiwP+3/sfzpAwA/qKFL6i1ModaabkU7IbpeMBgiVEA=="],

    "@parcel/watcher-darwin-x64": ["@parcel/watcher-darwin-x64@2.5.6", "", { "os": "darwin", "cpu": "x64" }, "sha512-HgvOf3W9dhithcwOWX9uDZyn1lW9R+7tPZ4sug+NGrGIo4Rk1hAXLEbcH1TQSqxts0NYXXlOWqVpvS1SFS4fRg=="],

    "@parcel/watcher-freebsd-x64": ["@parcel/watcher-freebsd-x64@2.5.6", "", { "os": "freebsd", "cpu": "x64" }, "sha512-vJVi8yd/qzJxEKHkeemh7w3YAn6RJCtYlE4HPMoVnCpIXEzSrxErBW5SJBgKLbXU3WdIpkjBTeUNtyBVn8TRng=="],

    "@parcel/watcher-linux-arm-glibc": ["@parcel/watcher-linux-arm-glibc@2.5.6", "", { "os": "linux", "cpu": "arm" }, "sha512-9JiYfB6h6BgV50CCfasfLf/uvOcJskMSwcdH1PHH9rvS1IrNy8zad6IUVPVUfmXr+u+Km9IxcfMLzgdOudz9EQ=="],

    "@parcel/watcher-linux-arm-musl": ["@parcel/watcher-linux-arm-musl@2.5.6", "", { "os": "linux", "cpu": "arm" }, "sha512-Ve3gUCG57nuUUSyjBq/MAM0CzArtuIOxsBdQ+ftz6ho8n7s1i9E1Nmk/xmP323r2YL0SONs1EuwqBp2u1k5fxg=="],

    "@parcel/watcher-linux-arm64-glibc": ["@parcel/watcher-linux-arm64-glibc@2.5.6", "", { "os": "linux", "cpu": "arm64" }, "sha512-f2g/DT3NhGPdBmMWYoxixqYr3v/UXcmLOYy16Bx0TM20Tchduwr4EaCbmxh1321TABqPGDpS8D/ggOTaljijOA=="],

    "@parcel/watcher-linux-arm64-musl": ["@parcel/watcher-linux-arm64-musl@2.5.6", "", { "os": "linux", "cpu": "arm64" }, "sha512-qb6naMDGlbCwdhLj6hgoVKJl2odL34z2sqkC7Z6kzir8b5W65WYDpLB6R06KabvZdgoHI/zxke4b3zR0wAbDTA=="],

    "@parcel/watcher-linux-x64-glibc": ["@parcel/watcher-linux-x64-glibc@2.5.6", "", { "os": "linux", "cpu": "x64" }, "sha512-kbT5wvNQlx7NaGjzPFu8nVIW1rWqV780O7ZtkjuWaPUgpv2NMFpjYERVi0UYj1msZNyCzGlaCWEtzc+exjMGbQ=="],

    "@parcel/watcher-linux-x64-musl": ["@parcel/watcher-linux-x64-musl@2.5.6", "", { "os": "linux", "cpu": "x64" }, "sha512-1JRFeC+h7RdXwldHzTsmdtYR/Ku8SylLgTU/reMuqdVD7CtLwf0VR1FqeprZ0eHQkO0vqsbvFLXUmYm/uNKJBg=="],

    "@parcel/watcher-win32-arm64": ["@parcel/watcher-win32-arm64@2.5.6", "", { "os": "win32", "cpu": "arm64" }, "sha512-3ukyebjc6eGlw9yRt678DxVF7rjXatWiHvTXqphZLvo7aC5NdEgFufVwjFfY51ijYEWpXbqF5jtrK275z52D4Q=="],

    "@parcel/watcher-win32-ia32": ["@parcel/watcher-win32-ia32@2.5.6", "", { "os": "win32", "cpu": "ia32" }, "sha512-k35yLp1ZMwwee3Ez/pxBi5cf4AoBKYXj00CZ80jUz5h8prpiaQsiRPKQMxoLstNuqe2vR4RNPEAEcjEFzhEz/g=="],

    "@parcel/watcher-win32-x64": ["@parcel/watcher-win32-x64@2.5.6", "", { "os": "win32", "cpu": "x64" }, "sha512-hbQlYcCq5dlAX9Qx+kFb0FHue6vbjlf0FrNzSKdYK2APUf7tGfGxQCk2ihEREmbR6ZMc0MVAD5RIX/41gpUzTw=="],

    "@radix-ui/number": ["@radix-ui/number@1.1.1", "", {}, "sha512-MkKCwxlXTgz6CFoJx3pCwn07GKp36+aZyu/u2Ln2VrA5DcdyCZkASEDBTd8x5whTQQL5CiYf4prXKLcgQdv29g=="],

    "@radix-ui/primitive": ["@radix-ui/primitive@1.1.3", "", {}, "sha512-JTF99U/6XIjCBo0wqkU5sK10glYe27MRRsfwoiq5zzOEZLHU3A3KCMa5X/azekYRCJ0HlwI0crAXS/5dEHTzDg=="],

    "@radix-ui/react-arrow": ["@radix-ui/react-arrow@1.1.7", "", { "dependencies": { "@radix-ui/react-primitive": "2.1.3" }, "peerDependencies": { "@types/react": "*", "@types/react-dom": "*", "react": "^16.8 || ^17.0 || ^18.0 || ^19.0 || ^19.0.0-rc", "react-dom": "^16.8 || ^17.0 || ^18.0 || ^19.0 || ^19.0.0-rc" }, "optionalPeers": ["@types/react", "@types/react-dom"] }, "sha512-F+M1tLhO+mlQaOWspE8Wstg+z6PwxwRd8oQ8IXceWz92kfAmalTRf0EjrouQeo7QssEPfCn05B4Ihs1K9WQ/7w=="],

    "@radix-ui/react-collection": ["@radix-ui/react-collection@1.1.7", "", { "dependencies": { "@radix-ui/react-compose-refs": "1.1.2", "@radix-ui/react-context": "1.1.2", "@radix-ui/react-primitive": "2.1.3", "@radix-ui/react-slot": "1.2.3" }, "peerDependencies": { "@types/react": "*", "@types/react-dom": "*", "react": "^16.8 || ^17.0 || ^18.0 || ^19.0 || ^19.0.0-rc", "react-dom": "^16.8 || ^17.0 || ^18.0 || ^19.0 || ^19.0.0-rc" }, "optionalPeers": ["@types/react", "@types/react-dom"] }, "sha512-Fh9rGN0MoI4ZFUNyfFVNU4y9LUz93u9/0K+yLgA2bwRojxM8JU1DyvvMBabnZPBgMWREAJvU2jjVzq+LrFUglw=="],

    "@radix-ui/react-compose-refs": ["@radix-ui/react-compose-refs@1.1.2", "", { "peerDependencies": { "@types/react": "*", "react": "^16.8 || ^17.0 || ^18.0 || ^19.0 || ^19.0.0-rc" }, "optionalPeers": ["@types/react"] }, "sha512-z4eqJvfiNnFMHIIvXP3CY57y2WJs5g2v3X0zm9mEJkrkNv4rDxu+sg9Jh8EkXyeqBkB7SOcboo9dMVqhyrACIg=="],

    "@radix-ui/react-context": ["@radix-ui/react-context@1.1.2", "", { "peerDependencies": { "@types/react": "*", "react": "^16.8 || ^17.0 || ^18.0 || ^19.0 || ^19.0.0-rc" }, "optionalPeers": ["@types/react"] }, "sha512-jCi/QKUM2r1Ju5a3J64TH2A5SpKAgh0LpknyqdQ4m6DCV0xJ2HG1xARRwNGPQfi1SLdLWZ1OJz6F4OMBBNiGJA=="],

    "@radix-ui/react-direction": ["@radix-ui/react-direction@1.1.1", "", { "peerDependencies": { "@types/react": "*", "react": "^16.8 || ^17.0 || ^18.0 || ^19.0 || ^19.0.0-rc" }, "optionalPeers": ["@types/react"] }, "sha512-1UEWRX6jnOA2y4H5WczZ44gOOjTEmlqv1uNW4GAJEO5+bauCBhv8snY65Iw5/VOS/ghKN9gr2KjnLKxrsvoMVw=="],

    "@radix-ui/react-dismissable-layer": ["@radix-ui/react-dismissable-layer@1.1.11", "", { "dependencies": { "@radix-ui/primitive": "1.1.3", "@radix-ui/react-compose-refs": "1.1.2", "@radix-ui/react-primitive": "2.1.3", "@radix-ui/react-use-callback-ref": "1.1.1", "@radix-ui/react-use-escape-keydown": "1.1.1" }, "peerDependencies": { "@types/react": "*", "@types/react-dom": "*", "react": "^16.8 || ^17.0 || ^18.0 || ^19.0 || ^19.0.0-rc", "react-dom": "^16.8 || ^17.0 || ^18.0 || ^19.0 || ^19.0.0-rc" }, "optionalPeers": ["@types/react", "@types/react-dom"] }, "sha512-Nqcp+t5cTB8BinFkZgXiMJniQH0PsUt2k51FUhbdfeKvc4ACcG2uQniY/8+h1Yv6Kza4Q7lD7PQV0z0oicE0Mg=="],

    "@radix-ui/react-dropdown-menu": ["@radix-ui/react-dropdown-menu@2.1.16", "", { "dependencies": { "@radix-ui/primitive": "1.1.3", "@radix-ui/react-compose-refs": "1.1.2", "@radix-ui/react-context": "1.1.2", "@radix-ui/react-id": "1.1.1", "@radix-ui/react-menu": "2.1.16", "@radix-ui/react-primitive": "2.1.3", "@radix-ui/react-use-controllable-state": "1.2.2" }, "peerDependencies": { "@types/react": "*", "@types/react-dom": "*", "react": "^16.8 || ^17.0 || ^18.0 || ^19.0 || ^19.0.0-rc", "react-dom": "^16.8 || ^17.0 || ^18.0 || ^19.0 || ^19.0.0-rc" }, "optionalPeers": ["@types/react", "@types/react-dom"] }, "sha512-1PLGQEynI/3OX/ftV54COn+3Sud/Mn8vALg2rWnBLnRaGtJDduNW/22XjlGgPdpcIbiQxjKtb7BkcjP00nqfJw=="],

    "@radix-ui/react-focus-guards": ["@radix-ui/react-focus-guards@1.1.3", "", { "peerDependencies": { "@types/react": "*", "react": "^16.8 || ^17.0 || ^18.0 || ^19.0 || ^19.0.0-rc" }, "optionalPeers": ["@types/react"] }, "sha512-0rFg/Rj2Q62NCm62jZw0QX7a3sz6QCQU0LpZdNrJX8byRGaGVTqbrW9jAoIAHyMQqsNpeZ81YgSizOt5WXq0Pw=="],

    "@radix-ui/react-focus-scope": ["@radix-ui/react-focus-scope@1.1.7", "", { "dependencies": { "@radix-ui/react-compose-refs": "1.1.2", "@radix-ui/react-primitive": "2.1.3", "@radix-ui/react-use-callback-ref": "1.1.1" }, "peerDependencies": { "@types/react": "*", "@types/react-dom": "*", "react": "^16.8 || ^17.0 || ^18.0 || ^19.0 || ^19.0.0-rc", "react-dom": "^16.8 || ^17.0 || ^18.0 || ^19.0 || ^19.0.0-rc" }, "optionalPeers": ["@types/react", "@types/react-dom"] }, "sha512-t2ODlkXBQyn7jkl6TNaw/MtVEVvIGelJDCG41Okq/KwUsJBwQ4XVZsHAVUkK4mBv3ewiAS3PGuUWuY2BoK4ZUw=="],

    "@radix-ui/react-id": ["@radix-ui/react-id@1.1.1", "", { "dependencies": { "@radix-ui/react-use-layout-effect": "1.1.1" }, "peerDependencies": { "@types/react": "*", "react": "^16.8 || ^17.0 || ^18.0 || ^19.0 || ^19.0.0-rc" }, "optionalPeers": ["@types/react"] }, "sha512-kGkGegYIdQsOb4XjsfM97rXsiHaBwco+hFI66oO4s9LU+PLAC5oJ7khdOVFxkhsmlbpUqDAvXw11CluXP+jkHg=="],

    "@radix-ui/react-menu": ["@radix-ui/react-menu@2.1.16", "", { "dependencies": { "@radix-ui/primitive": "1.1.3", "@radix-ui/react-collection": "1.1.7", "@radix-ui/react-compose-refs": "1.1.2", "@radix-ui/react-context": "1.1.2", "@radix-ui/react-direction": "1.1.1", "@radix-ui/react-dismissable-layer": "1.1.11", "@radix-ui/react-focus-guards": "1.1.3", "@radix-ui/react-focus-scope": "1.1.7", "@radix-ui/react-id": "1.1.1", "@radix-ui/react-popper": "1.2.8", "@radix-ui/react-portal": "1.1.9", "@radix-ui/react-presence": "1.1.5", "@radix-ui/react-primitive": "2.1.3", "@radix-ui/react-roving-focus": "1.1.11", "@radix-ui/react-slot": "1.2.3", "@radix-ui/react-use-callback-ref": "1.1.1", "aria-hidden": "^1.2.4", "react-remove-scroll": "^2.6.3" }, "peerDependencies": { "@types/react": "*", "@types/react-dom": "*", "react": "^16.8 || ^17.0 || ^18.0 || ^19.0 || ^19.0.0-rc", "react-dom": "^16.8 || ^17.0 || ^18.0 || ^19.0 || ^19.0.0-rc" }, "optionalPeers": ["@types/react", "@types/react-dom"] }, "sha512-72F2T+PLlphrqLcAotYPp0uJMr5SjP5SL01wfEspJbru5Zs5vQaSHb4VB3ZMJPimgHHCHG7gMOeOB9H3Hdmtxg=="],

    "@radix-ui/react-popper": ["@radix-ui/react-popper@1.2.8", "", { "dependencies": { "@floating-ui/react-dom": "^2.0.0", "@radix-ui/react-arrow": "1.1.7", "@radix-ui/react-compose-refs": "1.1.2", "@radix-ui/react-context": "1.1.2", "@radix-ui/react-primitive": "2.1.3", "@radix-ui/react-use-callback-ref": "1.1.1", "@radix-ui/react-use-layout-effect": "1.1.1", "@radix-ui/react-use-rect": "1.1.1", "@radix-ui/react-use-size": "1.1.1", "@radix-ui/rect": "1.1.1" }, "peerDependencies": { "@types/react": "*", "@types/react-dom": "*", "react": "^16.8 || ^17.0 || ^18.0 || ^19.0 || ^19.0.0-rc", "react-dom": "^16.8 || ^17.0 || ^18.0 || ^19.0 || ^19.0.0-rc" }, "optionalPeers": ["@types/react", "@types/react-dom"] }, "sha512-0NJQ4LFFUuWkE7Oxf0htBKS6zLkkjBH+hM1uk7Ng705ReR8m/uelduy1DBo0PyBXPKVnBA6YBlU94MBGXrSBCw=="],

    "@radix-ui/react-portal": ["@radix-ui/react-portal@1.1.9", "", { "dependencies": { "@radix-ui/react-primitive": "2.1.3", "@radix-ui/react-use-layout-effect": "1.1.1" }, "peerDependencies": { "@types/react": "*", "@types/react-dom": "*", "react": "^16.8 || ^17.0 || ^18.0 || ^19.0 || ^19.0.0-rc", "react-dom": "^16.8 || ^17.0 || ^18.0 || ^19.0 || ^19.0.0-rc" }, "optionalPeers": ["@types/react", "@types/react-dom"] }, "sha512-bpIxvq03if6UNwXZ+HTK71JLh4APvnXntDc6XOX8UVq4XQOVl7lwok0AvIl+b8zgCw3fSaVTZMpAPPagXbKmHQ=="],

    "@radix-ui/react-presence": ["@radix-ui/react-presence@1.1.5", "", { "dependencies": { "@radix-ui/react-compose-refs": "1.1.2", "@radix-ui/react-use-layout-effect": "1.1.1" }, "peerDependencies": { "@types/react": "*", "@types/react-dom": "*", "react": "^16.8 || ^17.0 || ^18.0 || ^19.0 || ^19.0.0-rc", "react-dom": "^16.8 || ^17.0 || ^18.0 || ^19.0 || ^19.0.0-rc" }, "optionalPeers": ["@types/react", "@types/react-dom"] }, "sha512-/jfEwNDdQVBCNvjkGit4h6pMOzq8bHkopq458dPt2lMjx+eBQUohZNG9A7DtO/O5ukSbxuaNGXMjHicgwy6rQQ=="],

    "@radix-ui/react-primitive": ["@radix-ui/react-primitive@2.1.3", "", { "dependencies": { "@radix-ui/react-slot": "1.2.3" }, "peerDependencies": { "@types/react": "*", "@types/react-dom": "*", "react": "^16.8 || ^17.0 || ^18.0 || ^19.0 || ^19.0.0-rc", "react-dom": "^16.8 || ^17.0 || ^18.0 || ^19.0 || ^19.0.0-rc" }, "optionalPeers": ["@types/react", "@types/react-dom"] }, "sha512-m9gTwRkhy2lvCPe6QJp4d3G1TYEUHn/FzJUtq9MjH46an1wJU+GdoGC5VLof8RX8Ft/DlpshApkhswDLZzHIcQ=="],

    "@radix-ui/react-roving-focus": ["@radix-ui/react-roving-focus@1.1.11", "", { "dependencies": { "@radix-ui/primitive": "1.1.3", "@radix-ui/react-collection": "1.1.7", "@radix-ui/react-compose-refs": "1.1.2", "@radix-ui/react-context": "1.1.2", "@radix-ui/react-direction": "1.1.1", "@radix-ui/react-id": "1.1.1", "@radix-ui/react-primitive": "2.1.3", "@radix-ui/react-use-callback-ref": "1.1.1", "@radix-ui/react-use-controllable-state": "1.2.2" }, "peerDependencies": { "@types/react": "*", "@types/react-dom": "*", "react": "^16.8 || ^17.0 || ^18.0 || ^19.0 || ^19.0.0-rc", "react-dom": "^16.8 || ^17.0 || ^18.0 || ^19.0 || ^19.0.0-rc" }, "optionalPeers": ["@types/react", "@types/react-dom"] }, "sha512-7A6S9jSgm/S+7MdtNDSb+IU859vQqJ/QAtcYQcfFC6W8RS4IxIZDldLR0xqCFZ6DCyrQLjLPsxtTNch5jVA4lA=="],

    "@radix-ui/react-scroll-area": ["@radix-ui/react-scroll-area@1.2.10", "", { "dependencies": { "@radix-ui/number": "1.1.1", "@radix-ui/primitive": "1.1.3", "@radix-ui/react-compose-refs": "1.1.2", "@radix-ui/react-context": "1.1.2", "@radix-ui/react-direction": "1.1.1", "@radix-ui/react-presence": "1.1.5", "@radix-ui/react-primitive": "2.1.3", "@radix-ui/react-use-callback-ref": "1.1.1", "@radix-ui/react-use-layout-effect": "1.1.1" }, "peerDependencies": { "@types/react": "*", "@types/react-dom": "*", "react": "^16.8 || ^17.0 || ^18.0 || ^19.0 || ^19.0.0-rc", "react-dom": "^16.8 || ^17.0 || ^18.0 || ^19.0 || ^19.0.0-rc" }, "optionalPeers": ["@types/react", "@types/react-dom"] }, "sha512-tAXIa1g3sM5CGpVT0uIbUx/U3Gs5N8T52IICuCtObaos1S8fzsrPXG5WObkQN3S6NVl6wKgPhAIiBGbWnvc97A=="],

    "@radix-ui/react-slot": ["@radix-ui/react-slot@1.2.4", "", { "dependencies": { "@radix-ui/react-compose-refs": "1.1.2" }, "peerDependencies": { "@types/react": "*", "react": "^16.8 || ^17.0 || ^18.0 || ^19.0 || ^19.0.0-rc" }, "optionalPeers": ["@types/react"] }, "sha512-Jl+bCv8HxKnlTLVrcDE8zTMJ09R9/ukw4qBs/oZClOfoQk/cOTbDn+NceXfV7j09YPVQUryJPHurafcSg6EVKA=="],

    "@radix-ui/react-tabs": ["@radix-ui/react-tabs@1.1.13", "", { "dependencies": { "@radix-ui/primitive": "1.1.3", "@radix-ui/react-context": "1.1.2", "@radix-ui/react-direction": "1.1.1", "@radix-ui/react-id": "1.1.1", "@radix-ui/react-presence": "1.1.5", "@radix-ui/react-primitive": "2.1.3", "@radix-ui/react-roving-focus": "1.1.11", "@radix-ui/react-use-controllable-state": "1.2.2" }, "peerDependencies": { "@types/react": "*", "@types/react-dom": "*", "react": "^16.8 || ^17.0 || ^18.0 || ^19.0 || ^19.0.0-rc", "react-dom": "^16.8 || ^17.0 || ^18.0 || ^19.0 || ^19.0.0-rc" }, "optionalPeers": ["@types/react", "@types/react-dom"] }, "sha512-7xdcatg7/U+7+Udyoj2zodtI9H/IIopqo+YOIcZOq1nJwXWBZ9p8xiu5llXlekDbZkca79a/fozEYQXIA4sW6A=="],

    "@radix-ui/react-use-callback-ref": ["@radix-ui/react-use-callback-ref@1.1.1", "", { "peerDependencies": { "@types/react": "*", "react": "^16.8 || ^17.0 || ^18.0 || ^19.0 || ^19.0.0-rc" }, "optionalPeers": ["@types/react"] }, "sha512-FkBMwD+qbGQeMu1cOHnuGB6x4yzPjho8ap5WtbEJ26umhgqVXbhekKUQO+hZEL1vU92a3wHwdp0HAcqAUF5iDg=="],

    "@radix-ui/react-use-controllable-state": ["@radix-ui/react-use-controllable-state@1.2.2", "", { "dependencies": { "@radix-ui/react-use-effect-event": "0.0.2", "@radix-ui/react-use-layout-effect": "1.1.1" }, "peerDependencies": { "@types/react": "*", "react": "^16.8 || ^17.0 || ^18.0 || ^19.0 || ^19.0.0-rc" }, "optionalPeers": ["@types/react"] }, "sha512-BjasUjixPFdS+NKkypcyyN5Pmg83Olst0+c6vGov0diwTEo6mgdqVR6hxcEgFuh4QrAs7Rc+9KuGJ9TVCj0Zzg=="],

    "@radix-ui/react-use-effect-event": ["@radix-ui/react-use-effect-event@0.0.2", "", { "dependencies": { "@radix-ui/react-use-layout-effect": "1.1.1" }, "peerDependencies": { "@types/react": "*", "react": "^16.8 || ^17.0 || ^18.0 || ^19.0 || ^19.0.0-rc" }, "optionalPeers": ["@types/react"] }, "sha512-Qp8WbZOBe+blgpuUT+lw2xheLP8q0oatc9UpmiemEICxGvFLYmHm9QowVZGHtJlGbS6A6yJ3iViad/2cVjnOiA=="],

    "@radix-ui/react-use-escape-keydown": ["@radix-ui/react-use-escape-keydown@1.1.1", "", { "dependencies": { "@radix-ui/react-use-callback-ref": "1.1.1" }, "peerDependencies": { "@types/react": "*", "react": "^16.8 || ^17.0 || ^18.0 || ^19.0 || ^19.0.0-rc" }, "optionalPeers": ["@types/react"] }, "sha512-Il0+boE7w/XebUHyBjroE+DbByORGR9KKmITzbR7MyQ4akpORYP/ZmbhAr0DG7RmmBqoOnZdy2QlvajJ2QA59g=="],

    "@radix-ui/react-use-layout-effect": ["@radix-ui/react-use-layout-effect@1.1.1", "", { "peerDependencies": { "@types/react": "*", "react": "^16.8 || ^17.0 || ^18.0 || ^19.0 || ^19.0.0-rc" }, "optionalPeers": ["@types/react"] }, "sha512-RbJRS4UWQFkzHTTwVymMTUv8EqYhOp8dOOviLj2ugtTiXRaRQS7GLGxZTLL1jWhMeoSCf5zmcZkqTl9IiYfXcQ=="],

    "@radix-ui/react-use-rect": ["@radix-ui/react-use-rect@1.1.1", "", { "dependencies": { "@radix-ui/rect": "1.1.1" }, "peerDependencies": { "@types/react": "*", "react": "^16.8 || ^17.0 || ^18.0 || ^19.0 || ^19.0.0-rc" }, "optionalPeers": ["@types/react"] }, "sha512-QTYuDesS0VtuHNNvMh+CjlKJ4LJickCMUAqjlE3+j8w+RlRpwyX3apEQKGFzbZGdo7XNG1tXa+bQqIE7HIXT2w=="],

    "@radix-ui/react-use-size": ["@radix-ui/react-use-size@1.1.1", "", { "dependencies": { "@radix-ui/react-use-layout-effect": "1.1.1" }, "peerDependencies": { "@types/react": "*", "react": "^16.8 || ^17.0 || ^18.0 || ^19.0 || ^19.0.0-rc" }, "optionalPeers": ["@types/react"] }, "sha512-ewrXRDTAqAXlkl6t/fkXWNAhFX9I+CkKlw6zjEwk86RSPKwZr3xpBRso655aqYafwtnbpHLj6toFzmd6xdVptQ=="],

    "@radix-ui/rect": ["@radix-ui/rect@1.1.1", "", {}, "sha512-HPwpGIzkl28mWyZqG52jiqDJ12waP11Pa1lGoiyUkIEuMLBP0oeK/C89esbXrxsky5we7dfd8U58nm0SgAWpVw=="],

    "@tailwindcss/cli": ["@tailwindcss/cli@4.1.18", "", { "dependencies": { "@parcel/watcher": "^2.5.1", "@tailwindcss/node": "4.1.18", "@tailwindcss/oxide": "4.1.18", "enhanced-resolve": "^5.18.3", "mri": "^1.2.0", "picocolors": "^1.1.1", "tailwindcss": "4.1.18" }, "bin": { "tailwindcss": "dist/index.mjs" } }, "sha512-sMZ+lZbDyxwjD2E0L7oRUjJ01Ffjtme5OtjvvnC+cV4CEDcbqzbp25TCpxHj6kWLU9+DlqJOiNgSOgctC2aZmg=="],

    "@tailwindcss/node": ["@tailwindcss/node@4.1.18", "", { "dependencies": { "@jridgewell/remapping": "^2.3.4", "enhanced-resolve": "^5.18.3", "jiti": "^2.6.1", "lightningcss": "1.30.2", "magic-string": "^0.30.21", "source-map-js": "^1.2.1", "tailwindcss": "4.1.18" } }, "sha512-DoR7U1P7iYhw16qJ49fgXUlry1t4CpXeErJHnQ44JgTSKMaZUdf17cfn5mHchfJ4KRBZRFA/Coo+MUF5+gOaCQ=="],

    "@tailwindcss/oxide": ["@tailwindcss/oxide@4.1.18", "", { "optionalDependencies": { "@tailwindcss/oxide-android-arm64": "4.1.18", "@tailwindcss/oxide-darwin-arm64": "4.1.18", "@tailwindcss/oxide-darwin-x64": "4.1.18", "@tailwindcss/oxide-freebsd-x64": "4.1.18", "@tailwindcss/oxide-linux-arm-gnueabihf": "4.1.18", "@tailwindcss/oxide-linux-arm64-gnu": "4.1.18", "@tailwindcss/oxide-linux-arm64-musl": "4.1.18", "@tailwindcss/oxide-linux-x64-gnu": "4.1.18", "@tailwindcss/oxide-linux-x64-musl": "4.1.18", "@tailwindcss/oxide-wasm32-wasi": "4.1.18", "@tailwindcss/oxide-win32-arm64-msvc": "4.1.18", "@tailwindcss/oxide-win32-x64-msvc": "4.1.18" } }, "sha512-EgCR5tTS5bUSKQgzeMClT6iCY3ToqE1y+ZB0AKldj809QXk1Y+3jB0upOYZrn9aGIzPtUsP7sX4QQ4XtjBB95A=="],

    "@tailwindcss/oxide-android-arm64": ["@tailwindcss/oxide-android-arm64@4.1.18", "", { "os": "android", "cpu": "arm64" }, "sha512-dJHz7+Ugr9U/diKJA0W6N/6/cjI+ZTAoxPf9Iz9BFRF2GzEX8IvXxFIi/dZBloVJX/MZGvRuFA9rqwdiIEZQ0Q=="],

    "@tailwindcss/oxide-darwin-arm64": ["@tailwindcss/oxide-darwin-arm64@4.1.18", "", { "os": "darwin", "cpu": "arm64" }, "sha512-Gc2q4Qhs660bhjyBSKgq6BYvwDz4G+BuyJ5H1xfhmDR3D8HnHCmT/BSkvSL0vQLy/nkMLY20PQ2OoYMO15Jd0A=="],

    "@tailwindcss/oxide-darwin-x64": ["@tailwindcss/oxide-darwin-x64@4.1.18", "", { "os": "darwin", "cpu": "x64" }, "sha512-FL5oxr2xQsFrc3X9o1fjHKBYBMD1QZNyc1Xzw/h5Qu4XnEBi3dZn96HcHm41c/euGV+GRiXFfh2hUCyKi/e+yw=="],

    "@tailwindcss/oxide-freebsd-x64": ["@tailwindcss/oxide-freebsd-x64@4.1.18", "", { "os": "freebsd", "cpu": "x64" }, "sha512-Fj+RHgu5bDodmV1dM9yAxlfJwkkWvLiRjbhuO2LEtwtlYlBgiAT4x/j5wQr1tC3SANAgD+0YcmWVrj8R9trVMA=="],

    "@tailwindcss/oxide-linux-arm-gnueabihf": ["@tailwindcss/oxide-linux-arm-gnueabihf@4.1.18", "", { "os": "linux", "cpu": "arm" }, "sha512-Fp+Wzk/Ws4dZn+LV2Nqx3IilnhH51YZoRaYHQsVq3RQvEl+71VGKFpkfHrLM/Li+kt5c0DJe/bHXK1eHgDmdiA=="],

    "@tailwindcss/oxide-linux-arm64-gnu": ["@tailwindcss/oxide-linux-arm64-gnu@4.1.18", "", { "os": "linux", "cpu": "arm64" }, "sha512-S0n3jboLysNbh55Vrt7pk9wgpyTTPD0fdQeh7wQfMqLPM/Hrxi+dVsLsPrycQjGKEQk85Kgbx+6+QnYNiHalnw=="],

    "@tailwindcss/oxide-linux-arm64-musl": ["@tailwindcss/oxide-linux-arm64-musl@4.1.18", "", { "os": "linux", "cpu": "arm64" }, "sha512-1px92582HkPQlaaCkdRcio71p8bc8i/ap5807tPRDK/uw953cauQBT8c5tVGkOwrHMfc2Yh6UuxaH4vtTjGvHg=="],

    "@tailwindcss/oxide-linux-x64-gnu": ["@tailwindcss/oxide-linux-x64-gnu@4.1.18", "", { "os": "linux", "cpu": "x64" }, "sha512-v3gyT0ivkfBLoZGF9LyHmts0Isc8jHZyVcbzio6Wpzifg/+5ZJpDiRiUhDLkcr7f/r38SWNe7ucxmGW3j3Kb/g=="],

    "@tailwindcss/oxide-linux-x64-musl": ["@tailwindcss/oxide-linux-x64-musl@4.1.18", "", { "os": "linux", "cpu": "x64" }, "sha512-bhJ2y2OQNlcRwwgOAGMY0xTFStt4/wyU6pvI6LSuZpRgKQwxTec0/3Scu91O8ir7qCR3AuepQKLU/kX99FouqQ=="],

    "@tailwindcss/oxide-wasm32-wasi": ["@tailwindcss/oxide-wasm32-wasi@4.1.18", "", { "dependencies": { "@emnapi/core": "^1.7.1", "@emnapi/runtime": "^1.7.1", "@emnapi/wasi-threads": "^1.1.0", "@napi-rs/wasm-runtime": "^1.1.0", "@tybys/wasm-util": "^0.10.1", "tslib": "^2.4.0" }, "cpu": "none" }, "sha512-LffYTvPjODiP6PT16oNeUQJzNVyJl1cjIebq/rWWBF+3eDst5JGEFSc5cWxyRCJ0Mxl+KyIkqRxk1XPEs9x8TA=="],

    "@tailwindcss/oxide-win32-arm64-msvc": ["@tailwindcss/oxide-win32-arm64-msvc@4.1.18", "", { "os": "win32", "cpu": "arm64" }, "sha512-HjSA7mr9HmC8fu6bdsZvZ+dhjyGCLdotjVOgLA2vEqxEBZaQo9YTX4kwgEvPCpRh8o4uWc4J/wEoFzhEmjvPbA=="],

    "@tailwindcss/oxide-win32-x64-msvc": ["@tailwindcss/oxide-win32-x64-msvc@4.1.18", "", { "os": "win32", "cpu": "x64" }, "sha512-bJWbyYpUlqamC8dpR7pfjA0I7vdF6t5VpUGMWRkXVE3AXgIZjYUYAK7II1GNaxR8J1SSrSrppRar8G++JekE3Q=="],

    "@types/bun": ["@types/bun@1.3.9", "", { "dependencies": { "bun-types": "1.3.9" } }, "sha512-KQ571yULOdWJiMH+RIWIOZ7B2RXQGpL1YQrBtLIV3FqDcCu6FsbFUBwhdKUlCKUpS3PJDsHlJ1QKlpxoVR+xtw=="],

    "@types/node": ["@types/node@25.2.3", "", { "dependencies": { "undici-types": "~7.16.0" } }, "sha512-m0jEgYlYz+mDJZ2+F4v8D1AyQb+QzsNqRuI7xg1VQX/KlKS0qT9r1Mo16yo5F/MtifXFgaofIFsdFMox2SxIbQ=="],

    "@types/react": ["@types/react@19.1.0", "", { "dependencies": { "csstype": "^3.0.2" } }, "sha512-UaicktuQI+9UKyA4njtDOGBD/67t8YEBt2xdfqu8+gP9hqPUPsiXlNPcpS2gVdjmis5GKPG3fCxbQLVgxsQZ8w=="],

    "@types/react-dom": ["@types/react-dom@19.2.3", "", { "peerDependencies": { "@types/react": "^19.2.0" } }, "sha512-jp2L/eY6fn+KgVVQAOqYItbF0VY/YApe5Mz2F0aykSO8gx31bYCZyvSeYxCHKvzHG5eZjc+zyaS5BrBWya2+kQ=="],

    "ansi-escapes": ["ansi-escapes@7.3.0", "", { "dependencies": { "environment": "^1.0.0" } }, "sha512-BvU8nYgGQBxcmMuEeUEmNTvrMVjJNSH7RgW24vXexN4Ven6qCvy4TntnvlnwnMLTVlcRQQdbRY8NKnaIoeWDNg=="],

    "ansi-regex": ["ansi-regex@6.2.2", "", {}, "sha512-Bq3SmSpyFHaWjPk8If9yc6svM8c56dB5BAtW4Qbw5jHTwwXXcTLoRMkpDJp6VL0XzlWaCHTXrkFURMYmD0sLqg=="],

    "ansi-styles": ["ansi-styles@6.2.3", "", {}, "sha512-4Dj6M28JB+oAH8kFkTLUo+a2jwOFkuqb3yucU0CANcRRUbxS0cP0nZYCGjcc3BNXwRIsUVmDGgzawme7zvJHvg=="],

    "aria-hidden": ["aria-hidden@1.2.6", "", { "dependencies": { "tslib": "^2.0.0" } }, "sha512-ik3ZgC9dY/lYVVM++OISsaYDeg1tb0VtP5uL3ouh1koGOaUMDPpbFIei4JkFimWUFPn90sbMNMXQAIVOlnYKJA=="],

    "auto-bind": ["auto-bind@5.0.1", "", {}, "sha512-ooviqdwwgfIfNmDwo94wlshcdzfO64XV0Cg6oDsDYBJfITDz1EngD2z7DkbvCWn+XIMsIqW27sEVF6qcpJrRcg=="],

    "bun-types": ["bun-types@1.3.9", "", { "dependencies": { "@types/node": "*" } }, "sha512-+UBWWOakIP4Tswh0Bt0QD0alpTY8cb5hvgiYeWCMet9YukHbzuruIEeXC2D7nMJPB12kbh8C7XJykSexEqGKJg=="],

    "chalk": ["chalk@5.6.2", "", {}, "sha512-7NzBL0rN6fMUW+f7A6Io4h40qQlG+xGmtMxfbnH/K7TAtt8JQWVQK+6g0UXKMeVJoyV5EkkNsErQ8pVD3bLHbA=="],

    "class-variance-authority": ["class-variance-authority@0.7.1", "", { "dependencies": { "clsx": "^2.1.1" } }, "sha512-Ka+9Trutv7G8M6WT6SeiRWz792K5qEqIGEGzXKhAE6xOWAY6pPH8U+9IY3oCMv6kqTmLsv7Xh/2w2RigkePMsg=="],

    "cli-boxes": ["cli-boxes@3.0.0", "", {}, "sha512-/lzGpEWL/8PfI0BmBOPRwp0c/wFNX1RdUML3jK/RcSBA9T8mZDdQpqYBKtCFTOfQbwPqWEOpjqW+Fnayc0969g=="],

    "cli-cursor": ["cli-cursor@4.0.0", "", { "dependencies": { "restore-cursor": "^4.0.0" } }, "sha512-VGtlMu3x/4DOtIUwEkRezxUZ2lBacNJCHash0N0WeZDBS+7Ux1dm3XWAgWYxLJFMMdOeXMHXorshEFhbMSGelg=="],

    "cli-spinners": ["cli-spinners@2.9.2", "", {}, "sha512-ywqV+5MmyL4E7ybXgKys4DugZbX0FC6LnwrhjuykIjnK9k8OQacQ7axGKnjDXWNhns0xot3bZI5h55H8yo9cJg=="],

    "cli-truncate": ["cli-truncate@5.1.1", "", { "dependencies": { "slice-ansi": "^7.1.0", "string-width": "^8.0.0" } }, "sha512-SroPvNHxUnk+vIW/dOSfNqdy1sPEFkrTk6TUtqLCnBlo3N7TNYYkzzN7uSD6+jVjrdO4+p8nH7JzH6cIvUem6A=="],

    "clsx": ["clsx@2.1.1", "", {}, "sha512-eYm0QWBtUrBWZWG0d386OGAw16Z995PiOVo2B7bjWSbHedGl5e0ZWaq65kOGgUSNesEIDkB9ISbTg/JK9dhCZA=="],

    "code-excerpt": ["code-excerpt@4.0.0", "", { "dependencies": { "convert-to-spaces": "^2.0.1" } }, "sha512-xxodCmBen3iy2i0WtAK8FlFNrRzjUqjRsMfho58xT/wvZU1YTM3fCnRjcy1gJPMepaRlgm/0e6w8SpWHpn3/cA=="],

    "convert-to-spaces": ["convert-to-spaces@2.0.1", "", {}, "sha512-rcQ1bsQO9799wq24uE5AM2tAILy4gXGIK/njFWcVQkGNZ96edlpY+A7bjwvzjYvLDyzmG1MmMLZhpcsb+klNMQ=="],

    "csstype": ["csstype@3.2.3", "", {}, "sha512-z1HGKcYy2xA8AGQfwrn0PAy+PB7X/GSj3UVJW9qKyn43xWa+gl5nXmU4qqLMRzWVLFC8KusUX8T/0kCiOYpAIQ=="],

    "detect-libc": ["detect-libc@2.1.2", "", {}, "sha512-Btj2BOOO83o3WyH59e8MgXsxEQVcarkUOpEYrubB0urwnN10yQ364rsiByU11nZlqWYZm05i/of7io4mzihBtQ=="],

    "detect-node-es": ["detect-node-es@1.1.0", "", {}, "sha512-ypdmJU/TbBby2Dxibuv7ZLW3Bs1QEmM7nHjEANfohJLvE0XVujisn1qPJcZxg+qDucsr+bP6fLD1rPS3AhJ7EQ=="],

    "emoji-regex": ["emoji-regex@10.6.0", "", {}, "sha512-toUI84YS5YmxW219erniWD0CIVOo46xGKColeNQRgOzDorgBi1v4D71/OFzgD9GO2UGKIv1C3Sp8DAn0+j5w7A=="],

    "enhanced-resolve": ["enhanced-resolve@5.19.0", "", { "dependencies": { "graceful-fs": "^4.2.4", "tapable": "^2.3.0" } }, "sha512-phv3E1Xl4tQOShqSte26C7Fl84EwUdZsyOuSSk9qtAGyyQs2s3jJzComh+Abf4g187lUUAvH+H26omrqia2aGg=="],

    "environment": ["environment@1.1.0", "", {}, "sha512-xUtoPkMggbz0MPyPiIWr1Kp4aeWJjDZ6SMvURhimjdZgsRuDplF5/s9hcgGhyXMhs+6vpnuoiZ2kFiu3FMnS8Q=="],

    "es-toolkit": ["es-toolkit@1.44.0", "", {}, "sha512-6penXeZalaV88MM3cGkFZZfOoLGWshWWfdy0tWw/RlVVyhvMaWSBTOvXNeiW3e5FwdS5ePW0LGEu17zT139ktg=="],

    "escape-string-regexp": ["escape-string-regexp@2.0.0", "", {}, "sha512-UpzcLCXolUWcNu5HtVMHYdXJjArjsF9C0aNnquZYY4uW/Vu0miy5YoWvbV345HauVvcAUnpRuhMMcqTcGOY2+w=="],

    "get-east-asian-width": ["get-east-asian-width@1.4.0", "", {}, "sha512-QZjmEOC+IT1uk6Rx0sX22V6uHWVwbdbxf1faPqJ1QhLdGgsRGCZoyaQBm/piRdJy/D2um6hM1UP7ZEeQ4EkP+Q=="],

    "get-nonce": ["get-nonce@1.0.1", "", {}, "sha512-FJhYRoDaiatfEkUK8HKlicmu/3SGFD51q3itKDGoSTysQJBnfOcxU5GxnhE1E6soB76MbT0MBtnKJuXyAx+96Q=="],

    "graceful-fs": ["graceful-fs@4.2.11", "", {}, "sha512-RbJ5/jmFcNNCcDV5o9eTnBLJ/HszWV0P73bc+Ff4nS/rJj+YaS6IGyiOL0VoBYX+l1Wrl3k63h/KrH+nhJ0XvQ=="],

    "indent-string": ["indent-string@5.0.0", "", {}, "sha512-m6FAo/spmsW2Ab2fU35JTYwtOKa2yAwXSwgjSv1TJzh4Mh7mC3lzAOVLBprb72XsTrgkEIsl7YrFNAiDiRhIGg=="],

    "ink": ["ink@6.6.0", "", { "dependencies": { "@alcalzone/ansi-tokenize": "^0.2.1", "ansi-escapes": "^7.2.0", "ansi-styles": "^6.2.1", "auto-bind": "^5.0.1", "chalk": "^5.6.0", "cli-boxes": "^3.0.0", "cli-cursor": "^4.0.0", "cli-truncate": "^5.1.1", "code-excerpt": "^4.0.0", "es-toolkit": "^1.39.10", "indent-string": "^5.0.0", "is-in-ci": "^2.0.0", "patch-console": "^2.0.0", "react-reconciler": "^0.33.0", "signal-exit": "^3.0.7", "slice-ansi": "^7.1.0", "stack-utils": "^2.0.6", "string-width": "^8.1.0", "type-fest": "^4.27.0", "widest-line": "^5.0.0", "wrap-ansi": "^9.0.0", "ws": "^8.18.0", "yoga-layout": "~3.2.1" }, "peerDependencies": { "@types/react": ">=19.0.0", "react": ">=19.0.0", "react-devtools-core": "^6.1.2" }, "optionalPeers": ["@types/react", "react-devtools-core"] }, "sha512-QDt6FgJxgmSxAelcOvOHUvFxbIUjVpCH5bx+Slvc5m7IEcpGt3dYwbz/L+oRnqEGeRvwy1tineKK4ect3nW1vQ=="],

    "ink-spinner": ["ink-spinner@5.0.0", "", { "dependencies": { "cli-spinners": "^2.7.0" }, "peerDependencies": { "ink": ">=4.0.0", "react": ">=18.0.0" } }, "sha512-EYEasbEjkqLGyPOUc8hBJZNuC5GvXGMLu0w5gdTNskPc7Izc5vO3tdQEYnzvshucyGCBXc86ig0ujXPMWaQCdA=="],

    "ink-text-input": ["ink-text-input@6.0.0", "", { "dependencies": { "chalk": "^5.3.0", "type-fest": "^4.18.2" }, "peerDependencies": { "ink": ">=5", "react": ">=18" } }, "sha512-Fw64n7Yha5deb1rHY137zHTAbSTNelUKuB5Kkk2HACXEtwIHBCf9OH2tP/LQ9fRYTl1F0dZgbW0zPnZk6FA9Lw=="],

    "is-extglob": ["is-extglob@2.1.1", "", {}, "sha512-SbKbANkN603Vi4jEZv49LeVJMn4yGwsbzZworEoyEiutsN3nJYdbO36zfhGJ6QEDpOZIFkDtnq5JRxmvl3jsoQ=="],

    "is-fullwidth-code-point": ["is-fullwidth-code-point@5.1.0", "", { "dependencies": { "get-east-asian-width": "^1.3.1" } }, "sha512-5XHYaSyiqADb4RnZ1Bdad6cPp8Toise4TzEjcOYDHZkTCbKgiUl7WTUCpNWHuxmDt91wnsZBc9xinNzopv3JMQ=="],

    "is-glob": ["is-glob@4.0.3", "", { "dependencies": { "is-extglob": "^2.1.1" } }, "sha512-xelSayHH36ZgE7ZWhli7pW34hNbNl8Ojv5KVmkJD4hBdD3th8Tfk9vYasLM+mXWOZhFkgZfxhLSnrwRr4elSSg=="],

    "is-in-ci": ["is-in-ci@2.0.0", "", { "bin": { "is-in-ci": "cli.js" } }, "sha512-cFeerHriAnhrQSbpAxL37W1wcJKUUX07HyLWZCW1URJT/ra3GyUTzBgUnh24TMVfNTV2Hij2HLxkPHFZfOZy5w=="],

    "jiti": ["jiti@2.6.1", "", { "bin": { "jiti": "lib/jiti-cli.mjs" } }, "sha512-ekilCSN1jwRvIbgeg/57YFh8qQDNbwDb9xT/qu2DAHbFFZUicIl4ygVaAvzveMhMVr3LnpSKTNnwt8PoOfmKhQ=="],

    "lightningcss": ["lightningcss@1.30.2", "", { "dependencies": { "detect-libc": "^2.0.3" }, "optionalDependencies": { "lightningcss-android-arm64": "1.30.2", "lightningcss-darwin-arm64": "1.30.2", "lightningcss-darwin-x64": "1.30.2", "lightningcss-freebsd-x64": "1.30.2", "lightningcss-linux-arm-gnueabihf": "1.30.2", "lightningcss-linux-arm64-gnu": "1.30.2", "lightningcss-linux-arm64-musl": "1.30.2", "lightningcss-linux-x64-gnu": "1.30.2", "lightningcss-linux-x64-musl": "1.30.2", "lightningcss-win32-arm64-msvc": "1.30.2", "lightningcss-win32-x64-msvc": "1.30.2" } }, "sha512-utfs7Pr5uJyyvDETitgsaqSyjCb2qNRAtuqUeWIAKztsOYdcACf2KtARYXg2pSvhkt+9NfoaNY7fxjl6nuMjIQ=="],

    "lightningcss-android-arm64": ["lightningcss-android-arm64@1.30.2", "", { "os": "android", "cpu": "arm64" }, "sha512-BH9sEdOCahSgmkVhBLeU7Hc9DWeZ1Eb6wNS6Da8igvUwAe0sqROHddIlvU06q3WyXVEOYDZ6ykBZQnjTbmo4+A=="],

    "lightningcss-darwin-arm64": ["lightningcss-darwin-arm64@1.30.2", "", { "os": "darwin", "cpu": "arm64" }, "sha512-ylTcDJBN3Hp21TdhRT5zBOIi73P6/W0qwvlFEk22fkdXchtNTOU4Qc37SkzV+EKYxLouZ6M4LG9NfZ1qkhhBWA=="],

    "lightningcss-darwin-x64": ["lightningcss-darwin-x64@1.30.2", "", { "os": "darwin", "cpu": "x64" }, "sha512-oBZgKchomuDYxr7ilwLcyms6BCyLn0z8J0+ZZmfpjwg9fRVZIR5/GMXd7r9RH94iDhld3UmSjBM6nXWM2TfZTQ=="],

    "lightningcss-freebsd-x64": ["lightningcss-freebsd-x64@1.30.2", "", { "os": "freebsd", "cpu": "x64" }, "sha512-c2bH6xTrf4BDpK8MoGG4Bd6zAMZDAXS569UxCAGcA7IKbHNMlhGQ89eRmvpIUGfKWNVdbhSbkQaWhEoMGmGslA=="],

    "lightningcss-linux-arm-gnueabihf": ["lightningcss-linux-arm-gnueabihf@1.30.2", "", { "os": "linux", "cpu": "arm" }, "sha512-eVdpxh4wYcm0PofJIZVuYuLiqBIakQ9uFZmipf6LF/HRj5Bgm0eb3qL/mr1smyXIS1twwOxNWndd8z0E374hiA=="],

    "lightningcss-linux-arm64-gnu": ["lightningcss-linux-arm64-gnu@1.30.2", "", { "os": "linux", "cpu": "arm64" }, "sha512-UK65WJAbwIJbiBFXpxrbTNArtfuznvxAJw4Q2ZGlU8kPeDIWEX1dg3rn2veBVUylA2Ezg89ktszWbaQnxD/e3A=="],

    "lightningcss-linux-arm64-musl": ["lightningcss-linux-arm64-musl@1.30.2", "", { "os": "linux", "cpu": "arm64" }, "sha512-5Vh9dGeblpTxWHpOx8iauV02popZDsCYMPIgiuw97OJ5uaDsL86cnqSFs5LZkG3ghHoX5isLgWzMs+eD1YzrnA=="],

    "lightningcss-linux-x64-gnu": ["lightningcss-linux-x64-gnu@1.30.2", "", { "os": "linux", "cpu": "x64" }, "sha512-Cfd46gdmj1vQ+lR6VRTTadNHu6ALuw2pKR9lYq4FnhvgBc4zWY1EtZcAc6EffShbb1MFrIPfLDXD6Xprbnni4w=="],

    "lightningcss-linux-x64-musl": ["lightningcss-linux-x64-musl@1.30.2", "", { "os": "linux", "cpu": "x64" }, "sha512-XJaLUUFXb6/QG2lGIW6aIk6jKdtjtcffUT0NKvIqhSBY3hh9Ch+1LCeH80dR9q9LBjG3ewbDjnumefsLsP6aiA=="],

    "lightningcss-win32-arm64-msvc": ["lightningcss-win32-arm64-msvc@1.30.2", "", { "os": "win32", "cpu": "arm64" }, "sha512-FZn+vaj7zLv//D/192WFFVA0RgHawIcHqLX9xuWiQt7P0PtdFEVaxgF9rjM/IRYHQXNnk61/H/gb2Ei+kUQ4xQ=="],

    "lightningcss-win32-x64-msvc": ["lightningcss-win32-x64-msvc@1.30.2", "", { "os": "win32", "cpu": "x64" }, "sha512-5g1yc73p+iAkid5phb4oVFMB45417DkRevRbt/El/gKXJk4jid+vPFF/AXbxn05Aky8PapwzZrdJShv5C0avjw=="],

    "lucide-react": ["lucide-react@0.567.0", "", { "peerDependencies": { "react": "^16.5.1 || ^17.0.0 || ^18.0.0 || ^19.0.0" } }, "sha512-OQAFBxVoDL3DxX8xFI9U5/DsWvp3YIHUBO52BdRtFiMc/QUYMi4iqQZ08KQeJ10hUVZA/E9rTRKCUNbEPUewHQ=="],

    "magic-string": ["magic-string@0.30.21", "", { "dependencies": { "@jridgewell/sourcemap-codec": "^1.5.5" } }, "sha512-vd2F4YUyEXKGcLHoq+TEyCjxueSeHnFxyyjNp80yg0XV4vUhnDer/lvvlqM/arB5bXQN5K2/3oinyCRyx8T2CQ=="],

    "mimic-fn": ["mimic-fn@2.1.0", "", {}, "sha512-OqbOk5oEQeAZ8WXWydlu9HJjz9WVdEIvamMCcXmuqUYjTknH/sqsWvhQ3vgwKFRR1HpjvNBKQ37nbJgYzGqGcg=="],

    "mri": ["mri@1.2.0", "", {}, "sha512-tzzskb3bG8LvYGFF/mDTpq3jpI6Q9wc3LEmBaghu+DdCssd1FakN7Bc0hVNmEyGq1bq3RgfkCb3cmQLpNPOroA=="],

    "node-addon-api": ["node-addon-api@7.1.1", "", {}, "sha512-5m3bsyrjFWE1xf7nz7YXdN4udnVtXK6/Yfgn5qnahL6bCkf2yKt4k3nuTKAtT4r3IG8JNR2ncsIMdZuAzJjHQQ=="],

    "onetime": ["onetime@5.1.2", "", { "dependencies": { "mimic-fn": "^2.1.0" } }, "sha512-kbpaSSGJTWdAY5KPVeMOKXSrPtr8C8C7wodJbcsd51jRnmD+GZu8Y0VoU6Dm5Z4vWr0Ig/1NKuWRKf7j5aaYSg=="],

    "patch-console": ["patch-console@2.0.0", "", {}, "sha512-0YNdUceMdaQwoKce1gatDScmMo5pu/tfABfnzEqeG0gtTmd7mh/WcwgUjtAeOU7N8nFFlbQBnFK2gXW5fGvmMA=="],

    "picocolors": ["picocolors@1.1.1", "", {}, "sha512-xceH2snhtb5M9liqDsmEw56le376mTZkEX/jEb/RxNFyegNul7eNslCXP9FDj/Lcu0X8KEyMceP2ntpaHrDEVA=="],

    "picomatch": ["picomatch@4.0.3", "", {}, "sha512-5gTmgEY/sqK6gFXLIsQNH19lWb4ebPDLA4SdLP7dsWkIXHWlG66oPuVvXSGFPppYZz8ZDZq0dYYrbHfBCVUb1Q=="],

    "react": ["react@19.1.0", "", {}, "sha512-FS+XFBNvn3GTAWq26joslQgWNoFu08F4kl0J4CgdNKADkdSGXQyTCnKteIAJy96Br6YbpEU1LSzV5dYtjMkMDg=="],

    "react-dom": ["react-dom@19.2.4", "", { "dependencies": { "scheduler": "^0.27.0" }, "peerDependencies": { "react": "^19.2.4" } }, "sha512-AXJdLo8kgMbimY95O2aKQqsz2iWi9jMgKJhRBAxECE4IFxfcazB2LmzloIoibJI3C12IlY20+KFaLv+71bUJeQ=="],

    "react-reconciler": ["react-reconciler@0.33.0", "", { "dependencies": { "scheduler": "^0.27.0" }, "peerDependencies": { "react": "^19.2.0" } }, "sha512-KetWRytFv1epdpJc3J4G75I4WrplZE5jOL7Yq0p34+OVOKF4Se7WrdIdVC45XsSSmUTlht2FM/fM1FZb1mfQeA=="],

    "react-remove-scroll": ["react-remove-scroll@2.7.2", "", { "dependencies": { "react-remove-scroll-bar": "^2.3.7", "react-style-singleton": "^2.2.3", "tslib": "^2.1.0", "use-callback-ref": "^1.3.3", "use-sidecar": "^1.1.3" }, "peerDependencies": { "@types/react": "*", "react": "^16.8.0 || ^17.0.0 || ^18.0.0 || ^19.0.0 || ^19.0.0-rc" }, "optionalPeers": ["@types/react"] }, "sha512-Iqb9NjCCTt6Hf+vOdNIZGdTiH1QSqr27H/Ek9sv/a97gfueI/5h1s3yRi1nngzMUaOOToin5dI1dXKdXiF+u0Q=="],

    "react-remove-scroll-bar": ["react-remove-scroll-bar@2.3.8", "", { "dependencies": { "react-style-singleton": "^2.2.2", "tslib": "^2.0.0" }, "peerDependencies": { "@types/react": "*", "react": "^16.8.0 || ^17.0.0 || ^18.0.0 || ^19.0.0" }, "optionalPeers": ["@types/react"] }, "sha512-9r+yi9+mgU33AKcj6IbT9oRCO78WriSj6t/cF8DWBZJ9aOGPOTEDvdUDz1FwKim7QXWwmHqtdHnRJfhAxEG46Q=="],

    "react-style-singleton": ["react-style-singleton@2.2.3", "", { "dependencies": { "get-nonce": "^1.0.0", "tslib": "^2.0.0" }, "peerDependencies": { "@types/react": "*", "react": "^16.8.0 || ^17.0.0 || ^18.0.0 || ^19.0.0 || ^19.0.0-rc" }, "optionalPeers": ["@types/react"] }, "sha512-b6jSvxvVnyptAiLjbkWLE/lOnR4lfTtDAl+eUC7RZy+QQWc6wRzIV2CE6xBuMmDxc2qIihtDCZD5NPOFl7fRBQ=="],

    "restore-cursor": ["restore-cursor@4.0.0", "", { "dependencies": { "onetime": "^5.1.0", "signal-exit": "^3.0.2" } }, "sha512-I9fPXU9geO9bHOt9pHHOhOkYerIMsmVaWB0rA2AI9ERh/+x/i7MV5HKBNrg+ljO5eoPVgCcnFuRjJ9uH6I/3eg=="],

    "scheduler": ["scheduler@0.27.0", "", {}, "sha512-eNv+WrVbKu1f3vbYJT/xtiF5syA5HPIMtf9IgY/nKg0sWqzAUEvqY/xm7OcZc/qafLx/iO9FgOmeSAp4v5ti/Q=="],

    "signal-exit": ["signal-exit@3.0.7", "", {}, "sha512-wnD2ZE+l+SPC/uoS0vXeE9L1+0wuaMqKlfz9AMUo38JsyLSBWSFcHR1Rri62LZc12vLr1gb3jl7iwQhgwpAbGQ=="],

    "slice-ansi": ["slice-ansi@7.1.2", "", { "dependencies": { "ansi-styles": "^6.2.1", "is-fullwidth-code-point": "^5.0.0" } }, "sha512-iOBWFgUX7caIZiuutICxVgX1SdxwAVFFKwt1EvMYYec/NWO5meOJ6K5uQxhrYBdQJne4KxiqZc+KptFOWFSI9w=="],

    "source-map-js": ["source-map-js@1.2.1", "", {}, "sha512-UXWMKhLOwVKb728IUtQPXxfYU+usdybtUrK/8uGE8CQMvrhOpwvzDBwj0QhSL7MQc7vIsISBG8VQ8+IDQxpfQA=="],

    "stack-utils": ["stack-utils@2.0.6", "", { "dependencies": { "escape-string-regexp": "^2.0.0" } }, "sha512-XlkWvfIm6RmsWtNJx+uqtKLS8eqFbxUg0ZzLXqY0caEy9l7hruX8IpiDnjsLavoBgqCCR71TqWO8MaXYheJ3RQ=="],

    "string-width": ["string-width@8.1.1", "", { "dependencies": { "get-east-asian-width": "^1.3.0", "strip-ansi": "^7.1.0" } }, "sha512-KpqHIdDL9KwYk22wEOg/VIqYbrnLeSApsKT/bSj6Ez7pn3CftUiLAv2Lccpq1ALcpLV9UX1Ppn92npZWu2w/aw=="],

    "strip-ansi": ["strip-ansi@7.1.2", "", { "dependencies": { "ansi-regex": "^6.0.1" } }, "sha512-gmBGslpoQJtgnMAvOVqGZpEz9dyoKTCzy2nfz/n8aIFhN/jCE/rCmcxabB6jOOHV+0WNnylOxaxBQPSvcWklhA=="],

    "tailwind-merge": ["tailwind-merge@3.4.1", "", {}, "sha512-2OA0rFqWOkITEAOFWSBSApYkDeH9t2B3XSJuI4YztKBzK3mX0737A2qtxDZ7xkw9Zfh0bWl+r34sF3HXV+Ig7Q=="],

    "tailwindcss": ["tailwindcss@4.1.18", "", {}, "sha512-4+Z+0yiYyEtUVCScyfHCxOYP06L5Ne+JiHhY2IjR2KWMIWhJOYZKLSGZaP5HkZ8+bY0cxfzwDE5uOmzFXyIwxw=="],

    "tailwindcss-animate": ["tailwindcss-animate@1.0.7", "", { "peerDependencies": { "tailwindcss": ">=3.0.0 || insiders" } }, "sha512-bl6mpH3T7I3UFxuvDEXLxy/VuFxBk5bbzplh7tXI68mwMokNYd1t9qPBHlnyTwfa4JGC4zP516I1hYYtQ/vspA=="],

    "tapable": ["tapable@2.3.0", "", {}, "sha512-g9ljZiwki/LfxmQADO3dEY1CbpmXT5Hm2fJ+QaGKwSXUylMybePR7/67YW7jOrrvjEgL1Fmz5kzyAjWVWLlucg=="],

    "tslib": ["tslib@2.8.1", "", {}, "sha512-oJFu94HQb+KVduSUQL7wnpmqnfmLsOA/nAh6b6EH0wCEoK0/mPeXU6c3wKDV83MkOuHPRHtSXKKU99IBazS/2w=="],

    "type-fest": ["type-fest@4.41.0", "", {}, "sha512-TeTSQ6H5YHvpqVwBRcnLDCBnDOHWYu7IvGbHT6N8AOymcr9PJGjc1GTtiWZTYg0NCgYwvnYWEkVChQAr9bjfwA=="],

    "typescript": ["typescript@5.9.3", "", { "bin": { "tsc": "bin/tsc", "tsserver": "bin/tsserver" } }, "sha512-jl1vZzPDinLr9eUt3J/t7V6FgNEw9QjvBPdysz9KfQDD41fQrC2Y4vKQdiaUpFT4bXlb1RHhLpp8wtm6M5TgSw=="],

    "undici-types": ["undici-types@7.16.0", "", {}, "sha512-Zz+aZWSj8LE6zoxD+xrjh4VfkIG8Ya6LvYkZqtUQGJPZjYl53ypCaUwWqo7eI0x66KBGeRo+mlBEkMSeSZ38Nw=="],

    "use-callback-ref": ["use-callback-ref@1.3.3", "", { "dependencies": { "tslib": "^2.0.0" }, "peerDependencies": { "@types/react": "*", "react": "^16.8.0 || ^17.0.0 || ^18.0.0 || ^19.0.0 || ^19.0.0-rc" }, "optionalPeers": ["@types/react"] }, "sha512-jQL3lRnocaFtu3V00JToYz/4QkNWswxijDaCVNZRiRTO3HQDLsdu1ZtmIUvV4yPp+rvWm5j0y0TG/S61cuijTg=="],

    "use-sidecar": ["use-sidecar@1.1.3", "", { "dependencies": { "detect-node-es": "^1.1.0", "tslib": "^2.0.0" }, "peerDependencies": { "@types/react": "*", "react": "^16.8.0 || ^17.0.0 || ^18.0.0 || ^19.0.0 || ^19.0.0-rc" }, "optionalPeers": ["@types/react"] }, "sha512-Fedw0aZvkhynoPYlA5WXrMCAMm+nSWdZt6lzJQ7Ok8S6Q+VsHmHpRWndVRJ8Be0ZbkfPc5LRYH+5XrzXcEeLRQ=="],

    "widest-line": ["widest-line@5.0.0", "", { "dependencies": { "string-width": "^7.0.0" } }, "sha512-c9bZp7b5YtRj2wOe6dlj32MK+Bx/M/d+9VB2SHM1OtsUHR0aV0tdP6DWh/iMt0kWi1t5g1Iudu6hQRNd1A4PVA=="],

    "wrap-ansi": ["wrap-ansi@9.0.2", "", { "dependencies": { "ansi-styles": "^6.2.1", "string-width": "^7.0.0", "strip-ansi": "^7.1.0" } }, "sha512-42AtmgqjV+X1VpdOfyTGOYRi0/zsoLqtXQckTmqTeybT+BDIbM/Guxo7x3pE2vtpr1ok6xRqM9OpBe+Jyoqyww=="],

    "ws": ["ws@8.19.0", "", { "peerDependencies": { "bufferutil": "^4.0.1", "utf-8-validate": ">=5.0.2" }, "optionalPeers": ["bufferutil", "utf-8-validate"] }, "sha512-blAT2mjOEIi0ZzruJfIhb3nps74PRWTCz1IjglWEEpQl5XS/UNama6u2/rjFkDDouqr4L67ry+1aGIALViWjDg=="],

    "yoga-layout": ["yoga-layout@3.2.1", "", {}, "sha512-0LPOt3AxKqMdFBZA3HBAt/t/8vIKq7VaQYbuA8WxCgung+p9TVyKRYdpvCb80HcdTN2NkbIKbhNwKUfm3tQywQ=="],

    "@radix-ui/react-collection/@radix-ui/react-slot": ["@radix-ui/react-slot@1.2.3", "", { "dependencies": { "@radix-ui/react-compose-refs": "1.1.2" }, "peerDependencies": { "@types/react": "*", "react": "^16.8 || ^17.0 || ^18.0 || ^19.0 || ^19.0.0-rc" }, "optionalPeers": ["@types/react"] }, "sha512-aeNmHnBxbi2St0au6VBVC7JXFlhLlOnvIIlePNniyUNAClzmtAUEY8/pBiK3iHjufOlwA+c20/8jngo7xcrg8A=="],

    "@radix-ui/react-menu/@radix-ui/react-slot": ["@radix-ui/react-slot@1.2.3", "", { "dependencies": { "@radix-ui/react-compose-refs": "1.1.2" }, "peerDependencies": { "@types/react": "*", "react": "^16.8 || ^17.0 || ^18.0 || ^19.0 || ^19.0.0-rc" }, "optionalPeers": ["@types/react"] }, "sha512-aeNmHnBxbi2St0au6VBVC7JXFlhLlOnvIIlePNniyUNAClzmtAUEY8/pBiK3iHjufOlwA+c20/8jngo7xcrg8A=="],

    "@radix-ui/react-primitive/@radix-ui/react-slot": ["@radix-ui/react-slot@1.2.3", "", { "dependencies": { "@radix-ui/react-compose-refs": "1.1.2" }, "peerDependencies": { "@types/react": "*", "react": "^16.8 || ^17.0 || ^18.0 || ^19.0 || ^19.0.0-rc" }, "optionalPeers": ["@types/react"] }, "sha512-aeNmHnBxbi2St0au6VBVC7JXFlhLlOnvIIlePNniyUNAClzmtAUEY8/pBiK3iHjufOlwA+c20/8jngo7xcrg8A=="],

    "@tailwindcss/oxide-wasm32-wasi/@emnapi/core": ["@emnapi/core@1.8.1", "", { "dependencies": { "@emnapi/wasi-threads": "1.1.0", "tslib": "^2.4.0" }, "bundled": true }, "sha512-AvT9QFpxK0Zd8J0jopedNm+w/2fIzvtPKPjqyw9jwvBaReTTqPBk9Hixaz7KbjimP+QNz605/XnjFcDAL2pqBg=="],

    "@tailwindcss/oxide-wasm32-wasi/@emnapi/runtime": ["@emnapi/runtime@1.8.1", "", { "dependencies": { "tslib": "^2.4.0" }, "bundled": true }, "sha512-mehfKSMWjjNol8659Z8KxEMrdSJDDot5SXMq00dM8BN4o+CLNXQ0xH2V7EchNHV4RmbZLmmPdEaXZc5H2FXmDg=="],

    "@tailwindcss/oxide-wasm32-wasi/@emnapi/wasi-threads": ["@emnapi/wasi-threads@1.1.0", "", { "dependencies": { "tslib": "^2.4.0" }, "bundled": true }, "sha512-WI0DdZ8xFSbgMjR1sFsKABJ/C5OnRrjT06JXbZKexJGrDuPTzZdDYfFlsgcCXCyf+suG5QU2e/y1Wo2V/OapLQ=="],

    "@tailwindcss/oxide-wasm32-wasi/@napi-rs/wasm-runtime": ["@napi-rs/wasm-runtime@1.1.1", "", { "dependencies": { "@emnapi/core": "^1.7.1", "@emnapi/runtime": "^1.7.1", "@tybys/wasm-util": "^0.10.1" }, "bundled": true }, "sha512-p64ah1M1ld8xjWv3qbvFwHiFVWrq1yFvV4f7w+mzaqiR4IlSgkqhcRdHwsGgomwzBH51sRY4NEowLxnaBjcW/A=="],

    "@tailwindcss/oxide-wasm32-wasi/@tybys/wasm-util": ["@tybys/wasm-util@0.10.1", "", { "dependencies": { "tslib": "^2.4.0" }, "bundled": true }, "sha512-9tTaPJLSiejZKx+Bmog4uSubteqTvFrVrURwkmHixBo0G4seD0zUxp98E1DzUBJxLQ3NPwXrGKDiVjwx/DpPsg=="],

    "@tailwindcss/oxide-wasm32-wasi/tslib": ["tslib@2.8.1", "", { "bundled": true }, "sha512-oJFu94HQb+KVduSUQL7wnpmqnfmLsOA/nAh6b6EH0wCEoK0/mPeXU6c3wKDV83MkOuHPRHtSXKKU99IBazS/2w=="],

    "widest-line/string-width": ["string-width@7.2.0", "", { "dependencies": { "emoji-regex": "^10.3.0", "get-east-asian-width": "^1.0.0", "strip-ansi": "^7.1.0" } }, "sha512-tsaTIkKW9b4N+AEj+SVA+WhJzV7/zMhcSu78mLKWSk7cXMOSHsBKFWUs0fWwq8QyK3MgJBQRX6Gbi4kYbdvGkQ=="],

    "wrap-ansi/string-width": ["string-width@7.2.0", "", { "dependencies": { "emoji-regex": "^10.3.0", "get-east-asian-width": "^1.0.0", "strip-ansi": "^7.1.0" } }, "sha512-tsaTIkKW9b4N+AEj+SVA+WhJzV7/zMhcSu78mLKWSk7cXMOSHsBKFWUs0fWwq8QyK3MgJBQRX6Gbi4kYbdvGkQ=="],
  }
}
